
Microsoft Visual Studio Solution File, Format Version 12.00
# Visual Studio Version 16
VisualStudioVersion = 16.0.31129.286
MinimumVisualStudioVersion = 10.0.40219.1
Project("{FAE04EC0-301F-11D3-BF4B-00C04F79EFBC}") = "ciclo white- for", "ciclo white- for\ciclo white- for.csproj", "{6BF4411E-6E90-4DDE-A3FD-5A8BD5DB50D4}"
EndProject
Global
	GlobalSection(SolutionConfigurationPlatforms) = preSolution
		Debug|Any CPU = Debug|Any CPU
		Release|Any CPU = Release|Any CPU
	EndGlobalSection
	GlobalSection(ProjectConfigurationPlatforms) = postSolution
		{6BF4411E-6E90-4DDE-A3FD-5A8BD5DB50D4}.Debug|Any CPU.ActiveCfg = Debug|Any CPU
		{6BF4411E-6E90-4DDE-A3FD-5A8BD5DB50D4}.Debug|Any CPU.Build.0 = Debug|Any CPU
		{6BF4411E-6E90-4DDE-A3FD-5A8BD5DB50D4}.Release|Any CPU.ActiveCfg = Release|Any CPU
		{6BF4411E-6E90-4DDE-A3FD-5A8BD5DB50D4}.Release|Any CPU.Build.0 = Release|Any CPU
	EndGlobalSection
	GlobalSection(SolutionProperties) = preSolution
		HideSolutionNode = FALSE
	EndGlobalSection
	GlobalSection(ExtensibilityGlobals) = postSolution
		SolutionGuid = {BD4F785A-CF48-4A95-8CB8-AC7EC27E0CF7}
	EndGlobalSection
EndGlobal
